
Microsoft Visual Studio Solution File, Format Version 12.00
# Visual Studio Version 16
VisualStudioVersion = 25.0.1700.4
MinimumVisualStudioVersion = 10.0.40219.1
Project("{FAE04EC0-301F-11D3-BF4B-00C04F79EFBC}") = "WebAPI", "WebAPI\WebAPI.csproj", "{7C53772C-0508-4D7C-97D0-4B51266F2FCD}"
EndProject
Global
	GlobalSection(SolutionConfigurationPlatforms) = preSolution
		Debug|Any CPU = Debug|Any CPU
		Release|Any CPU = Release|Any CPU
	EndGlobalSection
	GlobalSection(ProjectConfigurationPlatforms) = postSolution
		{7C53772C-0508-4D7C-97D0-4B51266F2FCD}.Debug|Any CPU.ActiveCfg = Debug|Any CPU
		{7C53772C-0508-4D7C-97D0-4B51266F2FCD}.Debug|Any CPU.Build.0 = Debug|Any CPU
		{7C53772C-0508-4D7C-97D0-4B51266F2FCD}.Release|Any CPU.ActiveCfg = Release|Any CPU
		{7C53772C-0508-4D7C-97D0-4B51266F2FCD}.Release|Any CPU.Build.0 = Release|Any CPU
	EndGlobalSection
	GlobalSection(SolutionProperties) = preSolution
		HideSolutionNode = FALSE
	EndGlobalSection
	GlobalSection(ExtensibilityGlobals) = postSolution
		SolutionGuid = {01D0FA14-2E4F-4E50-A115-C801207162ED}
	EndGlobalSection
EndGlobal
